PODS:
  - AnnounceKit (0.10.0)
  - FBSnapshotTestCase (2.1.4):
    - FBSnapshotTestCase/SwiftSupport (= 2.1.4)
  - FBSnapshotTestCase/Core (2.1.4)
  - FBSnapshotTestCase/SwiftSupport (2.1.4):
    - FBSnapshotTestCase/Core

DEPENDENCIES:
  - AnnounceKit
  - FBSnapshotTestCase (~> 2.1.4)

SPEC REPOS:
  trunk:
    - AnnounceKit
    - FBSnapshotTestCase

SPEC CHECKSUMS:
  AnnounceKit: a6702b63f5775a3aadf28e96c1846343e6802049
  FBSnapshotTestCase: 094f9f314decbabe373b87cc339bea235a63e07a

PODFILE CHECKSUM: 40514ebba12de536516510c0c00beae51c02a823

COCOAPODS: 1.11.2
